# THIS IS AN AUTOGENERATED FILE. DO NOT EDIT THIS FILE DIRECTLY.
# yarn lockfile v1


"@openapitools/openapi-generator-cli@1.0.15-5.0.0-beta":
  version "1.0.15-5.0.0-beta"
  resolved "https://registry.yarnpkg.com/@openapitools/openapi-generator-cli/-/openapi-generator-cli-1.0.15-5.0.0-beta.tgz#01b4805308d10762655158f446ebc54032ca33cc"
  integrity sha512-4Sbl/o2XbArryKnvsAtrK4UwXe0nTGnHErkYlMuIZYWBIZdEq8EeHHHHcVLlH1K3LZVP+uu18If51DcLtqVW4A==
